{
  "name": "vuln.js",
  "version": "1.0.0",
  "lockfileVersion": 2,
  "requires": true,
  "packages": {
    "": {
      "name": "vuln.js",
      "version": "1.0.0",
      "license": "EUPL-1.2",
      "dependencies": {
        "immer": "^9.0.5"
      }
    },
    "node_modules/immer": {
      "version": "9.0.5",
      "resolved": "https://registry.npm.ouryahoo.com:4443/npm-registry/api/npm/npm-registry/immer/-/immer-9.0.5.tgz",
      "integrity": "sha1-pxVPNP5wZPFfAFVMyUxmzAv0U+w=",
      "license": "MIT",
      "funding": {
        "type": "opencollective",
        "url": "https://opencollective.com/immer"
      }
    }
  },
  "dependencies": {
    "immer": {
      "version": "9.0.5",
      "resolved": "https://registry.npm.ouryahoo.com:4443/npm-registry/api/npm/npm-registry/immer/-/immer-9.0.5.tgz",
      "integrity": "sha1-pxVPNP5wZPFfAFVMyUxmzAv0U+w="
    }
  }
}
